
Microsoft Visual Studio Solution File, Format Version 12.00
# Visual Studio Version 16
VisualStudioVersion = 16.0.31911.196
MinimumVisualStudioVersion = 10.0.40219.1
Project("{FAE04EC0-301F-11D3-BF4B-00C04F79EFBC}") = "MenuControl", "MenuControl\MenuControl.csproj", "{2CB71FBF-C7CD-4F94-B15D-224599E0306C}"
EndProject
Global
	GlobalSection(SolutionConfigurationPlatforms) = preSolution
		Debug|Any CPU = Debug|Any CPU
		Release|Any CPU = Release|Any CPU
	EndGlobalSection
	GlobalSection(ProjectConfigurationPlatforms) = postSolution
		{2CB71FBF-C7CD-4F94-B15D-224599E0306C}.Debug|Any CPU.ActiveCfg = Debug|Any CPU
		{2CB71FBF-C7CD-4F94-B15D-224599E0306C}.Debug|Any CPU.Build.0 = Debug|Any CPU
		{2CB71FBF-C7CD-4F94-B15D-224599E0306C}.Release|Any CPU.ActiveCfg = Release|Any CPU
		{2CB71FBF-C7CD-4F94-B15D-224599E0306C}.Release|Any CPU.Build.0 = Release|Any CPU
	EndGlobalSection
	GlobalSection(SolutionProperties) = preSolution
		HideSolutionNode = FALSE
	EndGlobalSection
	GlobalSection(ExtensibilityGlobals) = postSolution
		SolutionGuid = {B743D53E-8D79-434C-BF89-DD448A503899}
	EndGlobalSection
EndGlobal
